
Microsoft Visual Studio Solution File, Format Version 12.00
# Visual Studio Version 16
VisualStudioVersion = 16.0.31205.134
MinimumVisualStudioVersion = 10.0.40219.1
Project("{FAE04EC0-301F-11D3-BF4B-00C04F79EFBC}") = "js_validate_roman_numbers", "js_validate_roman_numbers\js_validate_roman_numbers.csproj", "{35BF6E88-7B6F-4B38-9A15-9A97B9A8EB7E}"
EndProject
Global
	GlobalSection(SolutionConfigurationPlatforms) = preSolution
		Debug|Any CPU = Debug|Any CPU
		Release|Any CPU = Release|Any CPU
	EndGlobalSection
	GlobalSection(ProjectConfigurationPlatforms) = postSolution
		{35BF6E88-7B6F-4B38-9A15-9A97B9A8EB7E}.Debug|Any CPU.ActiveCfg = Debug|Any CPU
		{35BF6E88-7B6F-4B38-9A15-9A97B9A8EB7E}.Debug|Any CPU.Build.0 = Debug|Any CPU
		{35BF6E88-7B6F-4B38-9A15-9A97B9A8EB7E}.Release|Any CPU.ActiveCfg = Release|Any CPU
		{35BF6E88-7B6F-4B38-9A15-9A97B9A8EB7E}.Release|Any CPU.Build.0 = Release|Any CPU
	EndGlobalSection
	GlobalSection(SolutionProperties) = preSolution
		HideSolutionNode = FALSE
	EndGlobalSection
	GlobalSection(ExtensibilityGlobals) = postSolution
		SolutionGuid = {29EF17DF-593F-4825-B638-1E5CAE4D95A3}
	EndGlobalSection
EndGlobal
